
Microsoft Visual Studio Solution File, Format Version 12.00
# Visual Studio 15
VisualStudioVersion = 15.0.28307.136
MinimumVisualStudioVersion = 10.0.40219.1
Project("{FAE04EC0-301F-11D3-BF4B-00C04F79EFBC}") = "PiMonitor", "PiMonitor\PiMonitor.csproj", "{C9CE2110-5979-42E3-8C4A-F7915F45842F}"
EndProject
Global
	GlobalSection(SolutionConfigurationPlatforms) = preSolution
		Debug|Any CPU = Debug|Any CPU
		Release|Any CPU = Release|Any CPU
	EndGlobalSection
	GlobalSection(ProjectConfigurationPlatforms) = postSolution
		{C9CE2110-5979-42E3-8C4A-F7915F45842F}.Debug|Any CPU.ActiveCfg = Debug|Any CPU
		{C9CE2110-5979-42E3-8C4A-F7915F45842F}.Debug|Any CPU.Build.0 = Debug|Any CPU
		{C9CE2110-5979-42E3-8C4A-F7915F45842F}.Release|Any CPU.ActiveCfg = Release|Any CPU
		{C9CE2110-5979-42E3-8C4A-F7915F45842F}.Release|Any CPU.Build.0 = Release|Any CPU
	EndGlobalSection
	GlobalSection(SolutionProperties) = preSolution
		HideSolutionNode = FALSE
	EndGlobalSection
	GlobalSection(ExtensibilityGlobals) = postSolution
		SolutionGuid = {1FDA6C0B-D990-4854-9578-C69F37495965}
	EndGlobalSection
EndGlobal
